
Microsoft Visual Studio Solution File, Format Version 12.00
# Visual Studio Version 16
VisualStudioVersion = 16.0.31702.278
MinimumVisualStudioVersion = 10.0.40219.1
Project("{FAE04EC0-301F-11D3-BF4B-00C04F79EFBC}") = "Recreation_Centre_System", "Recreation_Centre_System.csproj", "{15959FBC-912E-4FC6-9908-D8E04F52E127}"
EndProject
Global
	GlobalSection(SolutionConfigurationPlatforms) = preSolution
		Debug|Any CPU = Debug|Any CPU
		Release|Any CPU = Release|Any CPU
	EndGlobalSection
	GlobalSection(ProjectConfigurationPlatforms) = postSolution
		{15959FBC-912E-4FC6-9908-D8E04F52E127}.Debug|Any CPU.ActiveCfg = Debug|Any CPU
		{15959FBC-912E-4FC6-9908-D8E04F52E127}.Debug|Any CPU.Build.0 = Debug|Any CPU
		{15959FBC-912E-4FC6-9908-D8E04F52E127}.Release|Any CPU.ActiveCfg = Release|Any CPU
		{15959FBC-912E-4FC6-9908-D8E04F52E127}.Release|Any CPU.Build.0 = Release|Any CPU
	EndGlobalSection
	GlobalSection(SolutionProperties) = preSolution
		HideSolutionNode = FALSE
	EndGlobalSection
	GlobalSection(ExtensibilityGlobals) = postSolution
		SolutionGuid = {6A7700F8-B91E-4C7B-B0E4-E33B1C1BBC8A}
	EndGlobalSection
EndGlobal
